
Microsoft Visual Studio Solution File, Format Version 12.00
# Visual Studio 15
VisualStudioVersion = 15.0.27004.2005
MinimumVisualStudioVersion = 10.0.40219.1
Project("{9A19103F-16F7-4668-BE54-9A1E7A4F7556}") = "ExcelToTxtConverter", "ExcelToTxtConverter\ExcelToTxtConverter.csproj", "{8636FA63-F833-49E0-96DC-D7D650E6BA31}"
EndProject

Global
	GlobalSection(SolutionConfigurationPlatforms) = preSolution
		Debug|Any CPU = Debug|Any CPU
		Release|Any CPU = Release|Any CPU
	EndGlobalSection
	GlobalSection(ProjectConfigurationPlatforms) = postSolution
		{8636FA63-F833-49E0-96DC-D7D650E6BA31}.Debug|Any CPU.ActiveCfg = Debug|Any CPU
		{8636FA63-F833-49E0-96DC-D7D650E6BA31}.Debug|Any CPU.Build.0 = Debug|Any CPU
		{8636FA63-F833-49E0-96DC-D7D650E6BA31}.Release|Any CPU.ActiveCfg = Release|Any CPU
		{8636FA63-F833-49E0-96DC-D7D650E6BA31}.Release|Any CPU.Build.0 = Release|Any CPU
	EndGlobalSection
	GlobalSection(SolutionProperties) = preSolution
		HideSolutionNode = FALSE
	EndGlobalSection
	GlobalSection(ExtensibilityGlobals) = postSolution
		SolutionGuid = {2E593EDD-3A6D-44AE-BAFD-0C3BF3E94B16}
	EndGlobalSection
EndGlobal
